
Microsoft Visual Studio Solution File, Format Version 11.00
# Visual Studio 2010
# SharpDevelop 4.4
Project("{FAE04EC0-301F-11D3-BF4B-00C04F79EFBC}") = "proyecto_t", "proyecto_t\proyecto_t.csproj", "{41C2BDE2-7B89-44D6-9073-009F4748392A}"
EndProject
Global
	GlobalSection(SolutionConfigurationPlatforms) = preSolution
		Debug|Any CPU = Debug|Any CPU
		Release|Any CPU = Release|Any CPU
	EndGlobalSection
	GlobalSection(ProjectConfigurationPlatforms) = postSolution
		{41C2BDE2-7B89-44D6-9073-009F4748392A}.Debug|Any CPU.Build.0 = Debug|Any CPU
		{41C2BDE2-7B89-44D6-9073-009F4748392A}.Debug|Any CPU.ActiveCfg = Debug|Any CPU
		{41C2BDE2-7B89-44D6-9073-009F4748392A}.Release|Any CPU.Build.0 = Release|Any CPU
		{41C2BDE2-7B89-44D6-9073-009F4748392A}.Release|Any CPU.ActiveCfg = Release|Any CPU
	EndGlobalSection
EndGlobal
